
Microsoft Visual Studio Solution File, Format Version 12.00
# Visual Studio Version 16
VisualStudioVersion = 16.0.29418.71
MinimumVisualStudioVersion = 10.0.40219.1
Project("{FAE04EC0-301F-11D3-BF4B-00C04F79EFBC}") = "MovieCoreApp", "MovieCoreApp\MovieCoreApp.csproj", "{2ABDF2E2-A58A-472F-BA22-F42A12AEE4D7}"
EndProject
Global
	GlobalSection(SolutionConfigurationPlatforms) = preSolution
		Debug|Any CPU = Debug|Any CPU
		Release|Any CPU = Release|Any CPU
	EndGlobalSection
	GlobalSection(ProjectConfigurationPlatforms) = postSolution
		{2ABDF2E2-A58A-472F-BA22-F42A12AEE4D7}.Debug|Any CPU.ActiveCfg = Debug|Any CPU
		{2ABDF2E2-A58A-472F-BA22-F42A12AEE4D7}.Debug|Any CPU.Build.0 = Debug|Any CPU
		{2ABDF2E2-A58A-472F-BA22-F42A12AEE4D7}.Release|Any CPU.ActiveCfg = Release|Any CPU
		{2ABDF2E2-A58A-472F-BA22-F42A12AEE4D7}.Release|Any CPU.Build.0 = Release|Any CPU
	EndGlobalSection
	GlobalSection(SolutionProperties) = preSolution
		HideSolutionNode = FALSE
	EndGlobalSection
	GlobalSection(ExtensibilityGlobals) = postSolution
		SolutionGuid = {FE825B11-B6A8-44AD-B215-84AA6A291C42}
	EndGlobalSection
EndGlobal
